
Microsoft Visual Studio Solution File, Format Version 12.00
# Visual Studio 15
VisualStudioVersion = 15.0.27130.2026
MinimumVisualStudioVersion = 10.0.40219.1
Project("{FAE04EC0-301F-11D3-BF4B-00C04F79EFBC}") = "WebApi", "WebApi\WebApi.csproj", "{B8A73238-23BF-4A3B-A634-B75A0064D92C}"
EndProject
Project("{FAE04EC0-301F-11D3-BF4B-00C04F79EFBC}") = "Mvc", "Mvc\Mvc.csproj", "{390186C6-4C18-4B89-81C7-361C2EE9CCFD}"
EndProject
Global
	GlobalSection(SolutionConfigurationPlatforms) = preSolution
		Debug|Any CPU = Debug|Any CPU
		Release|Any CPU = Release|Any CPU
	EndGlobalSection
	GlobalSection(ProjectConfigurationPlatforms) = postSolution
		{B8A73238-23BF-4A3B-A634-B75A0064D92C}.Debug|Any CPU.ActiveCfg = Debug|Any CPU
		{B8A73238-23BF-4A3B-A634-B75A0064D92C}.Debug|Any CPU.Build.0 = Debug|Any CPU
		{B8A73238-23BF-4A3B-A634-B75A0064D92C}.Release|Any CPU.ActiveCfg = Release|Any CPU
		{B8A73238-23BF-4A3B-A634-B75A0064D92C}.Release|Any CPU.Build.0 = Release|Any CPU
		{390186C6-4C18-4B89-81C7-361C2EE9CCFD}.Debug|Any CPU.ActiveCfg = Debug|Any CPU
		{390186C6-4C18-4B89-81C7-361C2EE9CCFD}.Debug|Any CPU.Build.0 = Debug|Any CPU
		{390186C6-4C18-4B89-81C7-361C2EE9CCFD}.Release|Any CPU.ActiveCfg = Release|Any CPU
		{390186C6-4C18-4B89-81C7-361C2EE9CCFD}.Release|Any CPU.Build.0 = Release|Any CPU
	EndGlobalSection
	GlobalSection(SolutionProperties) = preSolution
		HideSolutionNode = FALSE
	EndGlobalSection
	GlobalSection(ExtensibilityGlobals) = postSolution
		SolutionGuid = {6F8565F8-5E6F-443F-B25A-AFE0AA2D20CF}
	EndGlobalSection
EndGlobal
